{
  "name": "tentacles",
  "version": "0.3.0",
  "lockfileVersion": 3,
  "requires": true,
  "packages": {
    "": {
      "name": "tentacles",
      "version": "0.3.0",
      "license": "MIT",
      "bin": {
        "t3-agent-bridge": "bin/t3-agent-bridge",
        "t3-hermes": "bin/t3-hermes",
        "t3-pi-acp": "bin/t3-pi-acp",
        "tentacles": "bin/t3-agent-bridge"
      },
      "engines": {
        "node": ">=22"
      }
    }
  }
}
