{
  "name": "t3-hermes-bridge",
  "version": "0.1.1",
  "lockfileVersion": 3,
  "requires": true,
  "packages": {
    "": {
      "name": "t3-hermes-bridge",
      "version": "0.1.1",
      "license": "MIT",
      "bin": {
        "t3-hermes": "bin/t3-hermes",
        "t3-pi-acp": "bin/t3-pi-acp"
      },
      "engines": {
        "node": ">=22"
      }
    }
  }
}
